
Microsoft Visual Studio Solution File, Format Version 12.00
# Visual Studio 15
VisualStudioVersion = 15.0.27130.2020
MinimumVisualStudioVersion = 10.0.40219.1
Project("{9A19103F-16F7-4668-BE54-9A1E7A4F7556}") = "STANC.UnitTests", "STANC.UnitTests\STANC.UnitTests.csproj", "{95331550-8633-4E69-A2AB-E1E75601E6FE}"
EndProject
Project("{9A19103F-16F7-4668-BE54-9A1E7A4F7556}") = "STANC", "STANC\STANC.csproj", "{4ADB452B-C61A-41FA-817C-A7033B6DCC50}"
EndProject
Project("{FAE04EC0-301F-11D3-BF4B-00C04F79EFBC}") = "STANC-subsriber", "STANC-subsriber\STANC-subsriber.csproj", "{B7DF2CFB-792F-44E7-9951-E581A889C6C0}"
EndProject
Global
	GlobalSection(SolutionConfigurationPlatforms) = preSolution
		Debug|Any CPU = Debug|Any CPU
		Release|Any CPU = Release|Any CPU
	EndGlobalSection
	GlobalSection(ProjectConfigurationPlatforms) = postSolution
		{95331550-8633-4E69-A2AB-E1E75601E6FE}.Debug|Any CPU.ActiveCfg = Debug|Any CPU
		{95331550-8633-4E69-A2AB-E1E75601E6FE}.Debug|Any CPU.Build.0 = Debug|Any CPU
		{95331550-8633-4E69-A2AB-E1E75601E6FE}.Release|Any CPU.ActiveCfg = Release|Any CPU
		{95331550-8633-4E69-A2AB-E1E75601E6FE}.Release|Any CPU.Build.0 = Release|Any CPU
		{4ADB452B-C61A-41FA-817C-A7033B6DCC50}.Debug|Any CPU.ActiveCfg = Debug|Any CPU
		{4ADB452B-C61A-41FA-817C-A7033B6DCC50}.Debug|Any CPU.Build.0 = Debug|Any CPU
		{4ADB452B-C61A-41FA-817C-A7033B6DCC50}.Release|Any CPU.ActiveCfg = Release|Any CPU
		{4ADB452B-C61A-41FA-817C-A7033B6DCC50}.Release|Any CPU.Build.0 = Release|Any CPU
		{B7DF2CFB-792F-44E7-9951-E581A889C6C0}.Debug|Any CPU.ActiveCfg = Debug|Any CPU
		{B7DF2CFB-792F-44E7-9951-E581A889C6C0}.Debug|Any CPU.Build.0 = Debug|Any CPU
		{B7DF2CFB-792F-44E7-9951-E581A889C6C0}.Release|Any CPU.ActiveCfg = Release|Any CPU
		{B7DF2CFB-792F-44E7-9951-E581A889C6C0}.Release|Any CPU.Build.0 = Release|Any CPU
	EndGlobalSection
	GlobalSection(SolutionProperties) = preSolution
		HideSolutionNode = FALSE
	EndGlobalSection
	GlobalSection(ExtensibilityGlobals) = postSolution
		SolutionGuid = {61037AD8-1648-4D38-98D9-BC8BF85208D7}
	EndGlobalSection
EndGlobal
